
Microsoft Visual Studio Solution File, Format Version 12.00
# Visual Studio 15
VisualStudioVersion = 15.0.28307.645
MinimumVisualStudioVersion = 10.0.40219.1
Project("{FAE04EC0-301F-11D3-BF4B-00C04F79EFBC}") = "AutoupdateDemo", "AutoupdateDemo\AutoupdateDemo.csproj", "{47BFCD9B-0A62-42F0-98F1-9F21707252EA}"
EndProject
Global
	GlobalSection(SolutionConfigurationPlatforms) = preSolution
		Debug|Any CPU = Debug|Any CPU
		Release|Any CPU = Release|Any CPU
	EndGlobalSection
	GlobalSection(ProjectConfigurationPlatforms) = postSolution
		{47BFCD9B-0A62-42F0-98F1-9F21707252EA}.Debug|Any CPU.ActiveCfg = Debug|Any CPU
		{47BFCD9B-0A62-42F0-98F1-9F21707252EA}.Debug|Any CPU.Build.0 = Debug|Any CPU
		{47BFCD9B-0A62-42F0-98F1-9F21707252EA}.Release|Any CPU.ActiveCfg = Release|Any CPU
		{47BFCD9B-0A62-42F0-98F1-9F21707252EA}.Release|Any CPU.Build.0 = Release|Any CPU
	EndGlobalSection
	GlobalSection(SolutionProperties) = preSolution
		HideSolutionNode = FALSE
	EndGlobalSection
	GlobalSection(ExtensibilityGlobals) = postSolution
		SolutionGuid = {3785A506-3BDA-4F0B-BA46-8291A63B9917}
	EndGlobalSection
EndGlobal
